
Microsoft Visual Studio Solution File, Format Version 12.00
Project("{FAE04EC0-301F-11D3-BF4B-00C04F79EFBC}") = "API", "API\API.csproj", "{BAA1AE1E-80CF-4FDC-8431-4C87F43B8B73}"
EndProject
Project("{FAE04EC0-301F-11D3-BF4B-00C04F79EFBC}") = "Domain", "Domain\Domain.csproj", "{DE4DF92D-77D7-4617-87BD-F4E89003E86D}"
EndProject
Project("{FAE04EC0-301F-11D3-BF4B-00C04F79EFBC}") = "Infrastructure", "Infrastructure\Infrastructure.csproj", "{9F055BC8-093D-4B6A-BD9D-E3E63B0472A2}"
EndProject
Global
	GlobalSection(SolutionConfigurationPlatforms) = preSolution
		Debug|Any CPU = Debug|Any CPU
		Release|Any CPU = Release|Any CPU
	EndGlobalSection
	GlobalSection(ProjectConfigurationPlatforms) = postSolution
		{BAA1AE1E-80CF-4FDC-8431-4C87F43B8B73}.Debug|Any CPU.ActiveCfg = Debug|Any CPU
		{BAA1AE1E-80CF-4FDC-8431-4C87F43B8B73}.Debug|Any CPU.Build.0 = Debug|Any CPU
		{BAA1AE1E-80CF-4FDC-8431-4C87F43B8B73}.Release|Any CPU.ActiveCfg = Release|Any CPU
		{BAA1AE1E-80CF-4FDC-8431-4C87F43B8B73}.Release|Any CPU.Build.0 = Release|Any CPU
		{DE4DF92D-77D7-4617-87BD-F4E89003E86D}.Debug|Any CPU.ActiveCfg = Debug|Any CPU
		{DE4DF92D-77D7-4617-87BD-F4E89003E86D}.Debug|Any CPU.Build.0 = Debug|Any CPU
		{DE4DF92D-77D7-4617-87BD-F4E89003E86D}.Release|Any CPU.ActiveCfg = Release|Any CPU
		{DE4DF92D-77D7-4617-87BD-F4E89003E86D}.Release|Any CPU.Build.0 = Release|Any CPU
		{9F055BC8-093D-4B6A-BD9D-E3E63B0472A2}.Debug|Any CPU.ActiveCfg = Debug|Any CPU
		{9F055BC8-093D-4B6A-BD9D-E3E63B0472A2}.Debug|Any CPU.Build.0 = Debug|Any CPU
		{9F055BC8-093D-4B6A-BD9D-E3E63B0472A2}.Release|Any CPU.ActiveCfg = Release|Any CPU
		{9F055BC8-093D-4B6A-BD9D-E3E63B0472A2}.Release|Any CPU.Build.0 = Release|Any CPU
	EndGlobalSection
EndGlobal
